
Microsoft Visual Studio Solution File, Format Version 12.00
# Visual Studio Version 16
VisualStudioVersion = 16.0.32630.194
MinimumVisualStudioVersion = 10.0.40219.1
Project("{8BC9CEB8-8B4A-11D0-8D11-00A0C91BC942}") = "WindowsApp1", "WindowsApp1\WindowsApp1.vcxproj", "{28A10304-BD21-4F80-8877-B9496E8BB8A3}"
EndProject
Global
	GlobalSection(SolutionConfigurationPlatforms) = preSolution
		Debug|x64 = Debug|x64
		Debug|x86 = Debug|x86
		Release|x64 = Release|x64
		Release|x86 = Release|x86
	EndGlobalSection
	GlobalSection(ProjectConfigurationPlatforms) = postSolution
		{28A10304-BD21-4F80-8877-B9496E8BB8A3}.Debug|x64.ActiveCfg = Debug|x64
		{28A10304-BD21-4F80-8877-B9496E8BB8A3}.Debug|x64.Build.0 = Debug|x64
		{28A10304-BD21-4F80-8877-B9496E8BB8A3}.Debug|x86.ActiveCfg = Debug|Win32
		{28A10304-BD21-4F80-8877-B9496E8BB8A3}.Debug|x86.Build.0 = Debug|Win32
		{28A10304-BD21-4F80-8877-B9496E8BB8A3}.Release|x64.ActiveCfg = Release|x64
		{28A10304-BD21-4F80-8877-B9496E8BB8A3}.Release|x64.Build.0 = Release|x64
		{28A10304-BD21-4F80-8877-B9496E8BB8A3}.Release|x86.ActiveCfg = Release|Win32
		{28A10304-BD21-4F80-8877-B9496E8BB8A3}.Release|x86.Build.0 = Release|Win32
	EndGlobalSection
	GlobalSection(SolutionProperties) = preSolution
		HideSolutionNode = FALSE
	EndGlobalSection
	GlobalSection(ExtensibilityGlobals) = postSolution
		SolutionGuid = {E357EC76-F56D-43C7-B3C0-FCF66074D141}
	EndGlobalSection
EndGlobal
